
Microsoft Visual Studio Solution File, Format Version 12.00
# Visual Studio Version 17
VisualStudioVersion = 17.14.36429.23
MinimumVisualStudioVersion = 10.0.40219.1
Project("{2150E333-8FDC-42A3-9474-1A3956D46DE8}") = "Task0", "Task0", "{02EA681E-C7D8-13C7-8484-4AC65E1B71E8}"
EndProject
Project("{FAE04EC0-301F-11D3-BF4B-00C04F79EFBC}") = "Tyuiu.DewjaterikowaAA.Sprint0.Task0.V0", "Tyuiu.DewjaterikowaAA.Sprint0.Task0.V0\Tyuiu.DewjaterikowaAA.Sprint0.Task0.V0.csproj", "{B70226C7-BB9C-4254-8940-4CE7E6F3FB17}"
EndProject
Project("{2150E333-8FDC-42A3-9474-1A3956D46DE8}") = "Task1", "Task1", "{85BE9C30-C49E-4CF8-B97B-7EB3E8775214}"
EndProject
Project("{FAE04EC0-301F-11D3-BF4B-00C04F79EFBC}") = "Tyuiu.DewjaterikowaAA.Sprint0.Task1.V0", "Tyuiu.DewjaterikowaAA.Sprint0.Task1.V0\Tyuiu.DewjaterikowaAA.Sprint0.Task1.V0.csproj", "{9D9C07ED-2439-46FB-BCAC-B7F6163DC36B}"
EndProject
Project("{2150E333-8FDC-42A3-9474-1A3956D46DE8}") = "Task2", "Task2", "{AB923673-879F-4480-847B-0639A85C5149}"
EndProject
Project("{FAE04EC0-301F-11D3-BF4B-00C04F79EFBC}") = "Tyuiu.DewjaterikowaAA.Sprint0.Task2.V0", "Tyuiu.DewjaterikowaAA.Sprint0.Task2.V0\Tyuiu.DewjaterikowaAA.Sprint0.Task2.V0.csproj", "{13FEA315-EA6F-488A-9A72-2CB3D69660EF}"
EndProject
Project("{FAE04EC0-301F-11D3-BF4B-00C04F79EFBC}") = "Tyuiu.DewjaterikowaAA.Sprint0.Task2.V0.Lib", "Tyuiu.DewjaterikowaAA.Sprint0.Task2.V0.Lib\Tyuiu.DewjaterikowaAA.Sprint0.Task2.V0.Lib.csproj", "{6E1A1644-25DD-4D5A-AEFC-D5DC314D6E89}"
EndProject
Project("{FAE04EC0-301F-11D3-BF4B-00C04F79EFBC}") = "Tyuiu.DewjaterikowaAA.Sprint0.Task2.V0.Test", "Tyuiu.DewjaterikowaAA.Sprint0.Task2.V0.Test\Tyuiu.DewjaterikowaAA.Sprint0.Task2.V0.Test.csproj", "{1C429FF2-10A2-44B2-9915-3130A52AC4C0}"
EndProject
Project("{2150E333-8FDC-42A3-9474-1A3956D46DE8}") = "Task3", "Task3", "{4BABF53E-E877-414D-8C01-45BF600B9DCE}"
EndProject
Project("{FAE04EC0-301F-11D3-BF4B-00C04F79EFBC}") = "Tyuiu.DewjaterikowaAA.Sprint0.Task3.V0", "Tyuiu.DewjaterikowaAA.Sprint0.Task3.V0\Tyuiu.DewjaterikowaAA.Sprint0.Task3.V0.csproj", "{88ABC0D7-21D7-4E70-B66A-CF3A53A0653C}"
EndProject
Project("{FAE04EC0-301F-11D3-BF4B-00C04F79EFBC}") = "Tyuiu.DewjaterikowaAA.Sprint0.Task3.V0.Test", "Tyuiu.DewjaterikowaAA.Sprint0.Task3.V0.Test\Tyuiu.DewjaterikowaAA.Sprint0.Task3.V0.Test.csproj", "{3B82EDE0-238D-44A5-BD55-85AD91D8FA0A}"
EndProject
Project("{FAE04EC0-301F-11D3-BF4B-00C04F79EFBC}") = "Tyuiu.DewjaterikowaAA.Sprint0.Task3.V0.Lib", "Tyuiu.DewjaterikowaAA.Sprint0.Task3.V0.Lib\Tyuiu.DewjaterikowaAA.Sprint0.Task3.V0.Lib.csproj", "{B811E3A4-5D22-4496-8E72-D653C200E965}"
EndProject
Project("{2150E333-8FDC-42A3-9474-1A3956D46DE8}") = "Task4", "Task4", "{A3BA690B-1441-4E52-AC79-656A96431296}"
EndProject
Project("{FAE04EC0-301F-11D3-BF4B-00C04F79EFBC}") = "Tyuiu.DewjaterikowaAA.Sprint0.Task4.V0", "Tyuiu.DewjaterikowaAA.Sprint0.Task4.V0\Tyuiu.DewjaterikowaAA.Sprint0.Task4.V0.csproj", "{E9F5123B-6801-469D-8CD0-5121DBD7DC02}"
EndProject
Project("{FAE04EC0-301F-11D3-BF4B-00C04F79EFBC}") = "Tyuiu.DewjaterikowaAA.Sprint0.Task4.V0.Lib", "Tyuiu.DewjaterikowaAA.Sprint0.Task4.V0.Lib\Tyuiu.DewjaterikowaAA.Sprint0.Task4.V0.Lib.csproj", "{8A86E3E9-11B9-4D75-A64E-574621DEE6CE}"
EndProject
Project("{FAE04EC0-301F-11D3-BF4B-00C04F79EFBC}") = "Tyuiu.DewjaterikowaAA.Sprint0.Task4.V0.Test", "Tyuiu.DewjaterikowaAA.Sprint0.Task4.V0.Test\Tyuiu.DewjaterikowaAA.Sprint0.Task4.V0.Test.csproj", "{F81343C6-C114-4F5B-9B03-7BFD1FA87966}"
EndProject
Project("{2150E333-8FDC-42A3-9474-1A3956D46DE8}") = "Task5", "Task5", "{2B036FF6-63D7-4B49-AC02-9550A6730FB7}"
EndProject
Project("{FAE04EC0-301F-11D3-BF4B-00C04F79EFBC}") = "Tyuiu.DewjaterikowaAA.Sprint0.Task5.V0", "Tyuiu.DewjaterikowaAA.Sprint0.Task5.V0\Tyuiu.DewjaterikowaAA.Sprint0.Task5.V0.csproj", "{281A0B51-FD5C-458E-985A-3F3391F7C423}"
EndProject
Project("{FAE04EC0-301F-11D3-BF4B-00C04F79EFBC}") = "Tyuiu.DewjaterikowaAA.Sprint0.Task5.V0.Lib", "Tyuiu.DewjaterikowaAA.Sprint0.Task5.V0.Lib\Tyuiu.DewjaterikowaAA.Sprint0.Task5.V0.Lib.csproj", "{7C390D4F-6326-40B1-8648-0B282E3891AA}"
EndProject
Project("{FAE04EC0-301F-11D3-BF4B-00C04F79EFBC}") = "Tyuiu.DewjaterikowaAA.Sprint0.Task5.V0.Test", "Tyuiu.DewjaterikowaAA.Sprint0.Task5.V0.Test\Tyuiu.DewjaterikowaAA.Sprint0.Task5.V0.Test.csproj", "{EBDF4D36-FC89-43A2-9F88-CBD965519E7F}"
EndProject
Project("{2150E333-8FDC-42A3-9474-1A3956D46DE8}") = "Task6", "Task6", "{1A510373-BC86-49D6-AD03-153CA5280E95}"
EndProject
Project("{FAE04EC0-301F-11D3-BF4B-00C04F79EFBC}") = "Tyuiu.DewjaterikovaAA.Sprint0.Task6.V0", "Tyuiu.DewjaterikovaAA.Sprint0.Task6.V0\Tyuiu.DewjaterikovaAA.Sprint0.Task6.V0.csproj", "{4C35C2EF-A1B9-41FA-A511-03189D16C5AB}"
EndProject
Project("{FAE04EC0-301F-11D3-BF4B-00C04F79EFBC}") = "Tyuiu.DewjaterikovaAA.Sprint0.Task6.V0.Test", "Tyuiu.DewjaterikovaAA.Sprint0.Task6.V0.Test\Tyuiu.DewjaterikovaAA.Sprint0.Task6.V0.Test.csproj", "{97497027-880F-4948-918B-0C8E6E0D7C7D}"
EndProject
Project("{FAE04EC0-301F-11D3-BF4B-00C04F79EFBC}") = "Tyuiu.DewjaterikovaAA.Sprint0.Task6.V0.Lib", "Tyuiu.DewjaterikovaAA.Sprint0.Task6.V0.Lib\Tyuiu.DewjaterikovaAA.Sprint0.Task6.V0.Lib.csproj", "{E3A75C5A-DE3E-4804-A7B3-9A34A3D5C8C4}"
EndProject
Global
	GlobalSection(SolutionConfigurationPlatforms) = preSolution
		Debug|Any CPU = Debug|Any CPU
		Release|Any CPU = Release|Any CPU
	EndGlobalSection
	GlobalSection(ProjectConfigurationPlatforms) = postSolution
		{B70226C7-BB9C-4254-8940-4CE7E6F3FB17}.Debug|Any CPU.ActiveCfg = Debug|Any CPU
		{B70226C7-BB9C-4254-8940-4CE7E6F3FB17}.Debug|Any CPU.Build.0 = Debug|Any CPU
		{B70226C7-BB9C-4254-8940-4CE7E6F3FB17}.Release|Any CPU.ActiveCfg = Release|Any CPU
		{B70226C7-BB9C-4254-8940-4CE7E6F3FB17}.Release|Any CPU.Build.0 = Release|Any CPU
		{9D9C07ED-2439-46FB-BCAC-B7F6163DC36B}.Debug|Any CPU.ActiveCfg = Debug|Any CPU
		{9D9C07ED-2439-46FB-BCAC-B7F6163DC36B}.Debug|Any CPU.Build.0 = Debug|Any CPU
		{9D9C07ED-2439-46FB-BCAC-B7F6163DC36B}.Release|Any CPU.ActiveCfg = Release|Any CPU
		{9D9C07ED-2439-46FB-BCAC-B7F6163DC36B}.Release|Any CPU.Build.0 = Release|Any CPU
		{13FEA315-EA6F-488A-9A72-2CB3D69660EF}.Debug|Any CPU.ActiveCfg = Debug|Any CPU
		{13FEA315-EA6F-488A-9A72-2CB3D69660EF}.Debug|Any CPU.Build.0 = Debug|Any CPU
		{13FEA315-EA6F-488A-9A72-2CB3D69660EF}.Release|Any CPU.ActiveCfg = Release|Any CPU
		{13FEA315-EA6F-488A-9A72-2CB3D69660EF}.Release|Any CPU.Build.0 = Release|Any CPU
		{6E1A1644-25DD-4D5A-AEFC-D5DC314D6E89}.Debug|Any CPU.ActiveCfg = Debug|Any CPU
		{6E1A1644-25DD-4D5A-AEFC-D5DC314D6E89}.Debug|Any CPU.Build.0 = Debug|Any CPU
		{6E1A1644-25DD-4D5A-AEFC-D5DC314D6E89}.Release|Any CPU.ActiveCfg = Release|Any CPU
		{6E1A1644-25DD-4D5A-AEFC-D5DC314D6E89}.Release|Any CPU.Build.0 = Release|Any CPU
		{1C429FF2-10A2-44B2-9915-3130A52AC4C0}.Debug|Any CPU.ActiveCfg = Debug|Any CPU
		{1C429FF2-10A2-44B2-9915-3130A52AC4C0}.Debug|Any CPU.Build.0 = Debug|Any CPU
		{1C429FF2-10A2-44B2-9915-3130A52AC4C0}.Release|Any CPU.ActiveCfg = Release|Any CPU
		{1C429FF2-10A2-44B2-9915-3130A52AC4C0}.Release|Any CPU.Build.0 = Release|Any CPU
		{88ABC0D7-21D7-4E70-B66A-CF3A53A0653C}.Debug|Any CPU.ActiveCfg = Debug|Any CPU
		{88ABC0D7-21D7-4E70-B66A-CF3A53A0653C}.Debug|Any CPU.Build.0 = Debug|Any CPU
		{88ABC0D7-21D7-4E70-B66A-CF3A53A0653C}.Release|Any CPU.ActiveCfg = Release|Any CPU
		{88ABC0D7-21D7-4E70-B66A-CF3A53A0653C}.Release|Any CPU.Build.0 = Release|Any CPU
		{3B82EDE0-238D-44A5-BD55-85AD91D8FA0A}.Debug|Any CPU.ActiveCfg = Debug|Any CPU
		{3B82EDE0-238D-44A5-BD55-85AD91D8FA0A}.Debug|Any CPU.Build.0 = Debug|Any CPU
		{3B82EDE0-238D-44A5-BD55-85AD91D8FA0A}.Release|Any CPU.ActiveCfg = Release|Any CPU
		{3B82EDE0-238D-44A5-BD55-85AD91D8FA0A}.Release|Any CPU.Build.0 = Release|Any CPU
		{B811E3A4-5D22-4496-8E72-D653C200E965}.Debug|Any CPU.ActiveCfg = Debug|Any CPU
		{B811E3A4-5D22-4496-8E72-D653C200E965}.Debug|Any CPU.Build.0 = Debug|Any CPU
		{B811E3A4-5D22-4496-8E72-D653C200E965}.Release|Any CPU.ActiveCfg = Release|Any CPU
		{B811E3A4-5D22-4496-8E72-D653C200E965}.Release|Any CPU.Build.0 = Release|Any CPU
		{E9F5123B-6801-469D-8CD0-5121DBD7DC02}.Debug|Any CPU.ActiveCfg = Debug|Any CPU
		{E9F5123B-6801-469D-8CD0-5121DBD7DC02}.Debug|Any CPU.Build.0 = Debug|Any CPU
		{E9F5123B-6801-469D-8CD0-5121DBD7DC02}.Release|Any CPU.ActiveCfg = Release|Any CPU
		{E9F5123B-6801-469D-8CD0-5121DBD7DC02}.Release|Any CPU.Build.0 = Release|Any CPU
		{8A86E3E9-11B9-4D75-A64E-574621DEE6CE}.Debug|Any CPU.ActiveCfg = Debug|Any CPU
		{8A86E3E9-11B9-4D75-A64E-574621DEE6CE}.Debug|Any CPU.Build.0 = Debug|Any CPU
		{8A86E3E9-11B9-4D75-A64E-574621DEE6CE}.Release|Any CPU.ActiveCfg = Release|Any CPU
		{8A86E3E9-11B9-4D75-A64E-574621DEE6CE}.Release|Any CPU.Build.0 = Release|Any CPU
		{F81343C6-C114-4F5B-9B03-7BFD1FA87966}.Debug|Any CPU.ActiveCfg = Debug|Any CPU
		{F81343C6-C114-4F5B-9B03-7BFD1FA87966}.Debug|Any CPU.Build.0 = Debug|Any CPU
		{F81343C6-C114-4F5B-9B03-7BFD1FA87966}.Release|Any CPU.ActiveCfg = Release|Any CPU
		{F81343C6-C114-4F5B-9B03-7BFD1FA87966}.Release|Any CPU.Build.0 = Release|Any CPU
		{281A0B51-FD5C-458E-985A-3F3391F7C423}.Debug|Any CPU.ActiveCfg = Debug|Any CPU
		{281A0B51-FD5C-458E-985A-3F3391F7C423}.Debug|Any CPU.Build.0 = Debug|Any CPU
		{281A0B51-FD5C-458E-985A-3F3391F7C423}.Release|Any CPU.ActiveCfg = Release|Any CPU
		{281A0B51-FD5C-458E-985A-3F3391F7C423}.Release|Any CPU.Build.0 = Release|Any CPU
		{7C390D4F-6326-40B1-8648-0B282E3891AA}.Debug|Any CPU.ActiveCfg = Debug|Any CPU
		{7C390D4F-6326-40B1-8648-0B282E3891AA}.Debug|Any CPU.Build.0 = Debug|Any CPU
		{7C390D4F-6326-40B1-8648-0B282E3891AA}.Release|Any CPU.ActiveCfg = Release|Any CPU
		{7C390D4F-6326-40B1-8648-0B282E3891AA}.Release|Any CPU.Build.0 = Release|Any CPU
		{EBDF4D36-FC89-43A2-9F88-CBD965519E7F}.Debug|Any CPU.ActiveCfg = Debug|Any CPU
		{EBDF4D36-FC89-43A2-9F88-CBD965519E7F}.Debug|Any CPU.Build.0 = Debug|Any CPU
		{EBDF4D36-FC89-43A2-9F88-CBD965519E7F}.Release|Any CPU.ActiveCfg = Release|Any CPU
		{EBDF4D36-FC89-43A2-9F88-CBD965519E7F}.Release|Any CPU.Build.0 = Release|Any CPU
		{4C35C2EF-A1B9-41FA-A511-03189D16C5AB}.Debug|Any CPU.ActiveCfg = Debug|Any CPU
		{4C35C2EF-A1B9-41FA-A511-03189D16C5AB}.Debug|Any CPU.Build.0 = Debug|Any CPU
		{4C35C2EF-A1B9-41FA-A511-03189D16C5AB}.Release|Any CPU.ActiveCfg = Release|Any CPU
		{4C35C2EF-A1B9-41FA-A511-03189D16C5AB}.Release|Any CPU.Build.0 = Release|Any CPU
		{97497027-880F-4948-918B-0C8E6E0D7C7D}.Debug|Any CPU.ActiveCfg = Debug|Any CPU
		{97497027-880F-4948-918B-0C8E6E0D7C7D}.Debug|Any CPU.Build.0 = Debug|Any CPU
		{97497027-880F-4948-918B-0C8E6E0D7C7D}.Release|Any CPU.ActiveCfg = Release|Any CPU
		{97497027-880F-4948-918B-0C8E6E0D7C7D}.Release|Any CPU.Build.0 = Release|Any CPU
		{E3A75C5A-DE3E-4804-A7B3-9A34A3D5C8C4}.Debug|Any CPU.ActiveCfg = Debug|Any CPU
		{E3A75C5A-DE3E-4804-A7B3-9A34A3D5C8C4}.Debug|Any CPU.Build.0 = Debug|Any CPU
		{E3A75C5A-DE3E-4804-A7B3-9A34A3D5C8C4}.Release|Any CPU.ActiveCfg = Release|Any CPU
		{E3A75C5A-DE3E-4804-A7B3-9A34A3D5C8C4}.Release|Any CPU.Build.0 = Release|Any CPU
	EndGlobalSection
	GlobalSection(SolutionProperties) = preSolution
		HideSolutionNode = FALSE
	EndGlobalSection
	GlobalSection(NestedProjects) = preSolution
		{B70226C7-BB9C-4254-8940-4CE7E6F3FB17} = {02EA681E-C7D8-13C7-8484-4AC65E1B71E8}
		{9D9C07ED-2439-46FB-BCAC-B7F6163DC36B} = {85BE9C30-C49E-4CF8-B97B-7EB3E8775214}
		{13FEA315-EA6F-488A-9A72-2CB3D69660EF} = {AB923673-879F-4480-847B-0639A85C5149}
		{6E1A1644-25DD-4D5A-AEFC-D5DC314D6E89} = {AB923673-879F-4480-847B-0639A85C5149}
		{1C429FF2-10A2-44B2-9915-3130A52AC4C0} = {AB923673-879F-4480-847B-0639A85C5149}
		{88ABC0D7-21D7-4E70-B66A-CF3A53A0653C} = {4BABF53E-E877-414D-8C01-45BF600B9DCE}
		{3B82EDE0-238D-44A5-BD55-85AD91D8FA0A} = {4BABF53E-E877-414D-8C01-45BF600B9DCE}
		{B811E3A4-5D22-4496-8E72-D653C200E965} = {4BABF53E-E877-414D-8C01-45BF600B9DCE}
		{E9F5123B-6801-469D-8CD0-5121DBD7DC02} = {A3BA690B-1441-4E52-AC79-656A96431296}
		{8A86E3E9-11B9-4D75-A64E-574621DEE6CE} = {A3BA690B-1441-4E52-AC79-656A96431296}
		{F81343C6-C114-4F5B-9B03-7BFD1FA87966} = {A3BA690B-1441-4E52-AC79-656A96431296}
		{281A0B51-FD5C-458E-985A-3F3391F7C423} = {2B036FF6-63D7-4B49-AC02-9550A6730FB7}
		{7C390D4F-6326-40B1-8648-0B282E3891AA} = {2B036FF6-63D7-4B49-AC02-9550A6730FB7}
		{EBDF4D36-FC89-43A2-9F88-CBD965519E7F} = {2B036FF6-63D7-4B49-AC02-9550A6730FB7}
		{4C35C2EF-A1B9-41FA-A511-03189D16C5AB} = {1A510373-BC86-49D6-AD03-153CA5280E95}
		{97497027-880F-4948-918B-0C8E6E0D7C7D} = {1A510373-BC86-49D6-AD03-153CA5280E95}
		{E3A75C5A-DE3E-4804-A7B3-9A34A3D5C8C4} = {1A510373-BC86-49D6-AD03-153CA5280E95}
	EndGlobalSection
	GlobalSection(ExtensibilityGlobals) = postSolution
		SolutionGuid = {79C0F1F6-4124-4831-993F-42402BAC4DD2}
	EndGlobalSection
EndGlobal
