
Microsoft Visual Studio Solution File, Format Version 12.00
# Visual Studio Version 17
VisualStudioVersion = 17.14.36429.23
MinimumVisualStudioVersion = 10.0.40219.1
Project("{2150E333-8FDC-42A3-9474-1A3956D46DE8}") = "Task0", "Task0", "{02EA681E-C7D8-13C7-8484-4AC65E1B71E8}"
EndProject
Project("{FAE04EC0-301F-11D3-BF4B-00C04F79EFBC}") = "Tyuiu.DewjaterikowaAA.Sprint0.Task0.V0", "Tyuiu.DewjaterikowaAA.Sprint0.Task0.V0\Tyuiu.DewjaterikowaAA.Sprint0.Task0.V0.csproj", "{B70226C7-BB9C-4254-8940-4CE7E6F3FB17}"
EndProject
Project("{2150E333-8FDC-42A3-9474-1A3956D46DE8}") = "Task1", "Task1", "{85BE9C30-C49E-4CF8-B97B-7EB3E8775214}"
EndProject
Project("{FAE04EC0-301F-11D3-BF4B-00C04F79EFBC}") = "Tyuiu.DewjaterikowaAA.Sprint0.Task1.V0", "Tyuiu.DewjaterikowaAA.Sprint0.Task1.V0\Tyuiu.DewjaterikowaAA.Sprint0.Task1.V0.csproj", "{9D9C07ED-2439-46FB-BCAC-B7F6163DC36B}"
EndProject
Project("{2150E333-8FDC-42A3-9474-1A3956D46DE8}") = "Task2", "Task2", "{AB923673-879F-4480-847B-0639A85C5149}"
EndProject
Project("{FAE04EC0-301F-11D3-BF4B-00C04F79EFBC}") = "Tyuiu.DewjaterikowaAA.Sprint0.Task2.V0", "Tyuiu.DewjaterikowaAA.Sprint0.Task2.V0\Tyuiu.DewjaterikowaAA.Sprint0.Task2.V0.csproj", "{13FEA315-EA6F-488A-9A72-2CB3D69660EF}"
EndProject
Project("{FAE04EC0-301F-11D3-BF4B-00C04F79EFBC}") = "Tyuiu.DewjaterikowaAA.Sprint0.Task2.V0.Lib", "Tyuiu.DewjaterikowaAA.Sprint0.Task2.V0.Lib\Tyuiu.DewjaterikowaAA.Sprint0.Task2.V0.Lib.csproj", "{6E1A1644-25DD-4D5A-AEFC-D5DC314D6E89}"
EndProject
Project("{FAE04EC0-301F-11D3-BF4B-00C04F79EFBC}") = "Tyuiu.DewjaterikowaAA.Sprint0.Task2.V0.Test", "Tyuiu.DewjaterikowaAA.Sprint0.Task2.V0.Test\Tyuiu.DewjaterikowaAA.Sprint0.Task2.V0.Test.csproj", "{1C429FF2-10A2-44B2-9915-3130A52AC4C0}"
EndProject
Project("{2150E333-8FDC-42A3-9474-1A3956D46DE8}") = "Task3", "Task3", "{4BABF53E-E877-414D-8C01-45BF600B9DCE}"
EndProject
Project("{FAE04EC0-301F-11D3-BF4B-00C04F79EFBC}") = "Tyuiu.DewjaterikowaAA.Sprint0.Task3.V0", "Tyuiu.DewjaterikowaAA.Sprint0.Task3.V0\Tyuiu.DewjaterikowaAA.Sprint0.Task3.V0.csproj", "{88ABC0D7-21D7-4E70-B66A-CF3A53A0653C}"
EndProject
Project("{FAE04EC0-301F-11D3-BF4B-00C04F79EFBC}") = "Tyuiu.DewjaterikowaAA.Sprint0.Task3.V0.Test", "Tyuiu.DewjaterikowaAA.Sprint0.Task3.V0.Test\Tyuiu.DewjaterikowaAA.Sprint0.Task3.V0.Test.csproj", "{3B82EDE0-238D-44A5-BD55-85AD91D8FA0A}"
EndProject
Project("{FAE04EC0-301F-11D3-BF4B-00C04F79EFBC}") = "Tyuiu.DewjaterikowaAA.Sprint0.Task3.V0.Lib", "Tyuiu.DewjaterikowaAA.Sprint0.Task3.V0.Lib\Tyuiu.DewjaterikowaAA.Sprint0.Task3.V0.Lib.csproj", "{B811E3A4-5D22-4496-8E72-D653C200E965}"
EndProject
Global
	GlobalSection(SolutionConfigurationPlatforms) = preSolution
		Debug|Any CPU = Debug|Any CPU
		Release|Any CPU = Release|Any CPU
	EndGlobalSection
	GlobalSection(ProjectConfigurationPlatforms) = postSolution
		{B70226C7-BB9C-4254-8940-4CE7E6F3FB17}.Debug|Any CPU.ActiveCfg = Debug|Any CPU
		{B70226C7-BB9C-4254-8940-4CE7E6F3FB17}.Debug|Any CPU.Build.0 = Debug|Any CPU
		{B70226C7-BB9C-4254-8940-4CE7E6F3FB17}.Release|Any CPU.ActiveCfg = Release|Any CPU
		{B70226C7-BB9C-4254-8940-4CE7E6F3FB17}.Release|Any CPU.Build.0 = Release|Any CPU
		{9D9C07ED-2439-46FB-BCAC-B7F6163DC36B}.Debug|Any CPU.ActiveCfg = Debug|Any CPU
		{9D9C07ED-2439-46FB-BCAC-B7F6163DC36B}.Debug|Any CPU.Build.0 = Debug|Any CPU
		{9D9C07ED-2439-46FB-BCAC-B7F6163DC36B}.Release|Any CPU.ActiveCfg = Release|Any CPU
		{9D9C07ED-2439-46FB-BCAC-B7F6163DC36B}.Release|Any CPU.Build.0 = Release|Any CPU
		{13FEA315-EA6F-488A-9A72-2CB3D69660EF}.Debug|Any CPU.ActiveCfg = Debug|Any CPU
		{13FEA315-EA6F-488A-9A72-2CB3D69660EF}.Debug|Any CPU.Build.0 = Debug|Any CPU
		{13FEA315-EA6F-488A-9A72-2CB3D69660EF}.Release|Any CPU.ActiveCfg = Release|Any CPU
		{13FEA315-EA6F-488A-9A72-2CB3D69660EF}.Release|Any CPU.Build.0 = Release|Any CPU
		{6E1A1644-25DD-4D5A-AEFC-D5DC314D6E89}.Debug|Any CPU.ActiveCfg = Debug|Any CPU
		{6E1A1644-25DD-4D5A-AEFC-D5DC314D6E89}.Debug|Any CPU.Build.0 = Debug|Any CPU
		{6E1A1644-25DD-4D5A-AEFC-D5DC314D6E89}.Release|Any CPU.ActiveCfg = Release|Any CPU
		{6E1A1644-25DD-4D5A-AEFC-D5DC314D6E89}.Release|Any CPU.Build.0 = Release|Any CPU
		{1C429FF2-10A2-44B2-9915-3130A52AC4C0}.Debug|Any CPU.ActiveCfg = Debug|Any CPU
		{1C429FF2-10A2-44B2-9915-3130A52AC4C0}.Debug|Any CPU.Build.0 = Debug|Any CPU
		{1C429FF2-10A2-44B2-9915-3130A52AC4C0}.Release|Any CPU.ActiveCfg = Release|Any CPU
		{1C429FF2-10A2-44B2-9915-3130A52AC4C0}.Release|Any CPU.Build.0 = Release|Any CPU
		{88ABC0D7-21D7-4E70-B66A-CF3A53A0653C}.Debug|Any CPU.ActiveCfg = Debug|Any CPU
		{88ABC0D7-21D7-4E70-B66A-CF3A53A0653C}.Debug|Any CPU.Build.0 = Debug|Any CPU
		{88ABC0D7-21D7-4E70-B66A-CF3A53A0653C}.Release|Any CPU.ActiveCfg = Release|Any CPU
		{88ABC0D7-21D7-4E70-B66A-CF3A53A0653C}.Release|Any CPU.Build.0 = Release|Any CPU
		{3B82EDE0-238D-44A5-BD55-85AD91D8FA0A}.Debug|Any CPU.ActiveCfg = Debug|Any CPU
		{3B82EDE0-238D-44A5-BD55-85AD91D8FA0A}.Debug|Any CPU.Build.0 = Debug|Any CPU
		{3B82EDE0-238D-44A5-BD55-85AD91D8FA0A}.Release|Any CPU.ActiveCfg = Release|Any CPU
		{3B82EDE0-238D-44A5-BD55-85AD91D8FA0A}.Release|Any CPU.Build.0 = Release|Any CPU
		{B811E3A4-5D22-4496-8E72-D653C200E965}.Debug|Any CPU.ActiveCfg = Debug|Any CPU
		{B811E3A4-5D22-4496-8E72-D653C200E965}.Debug|Any CPU.Build.0 = Debug|Any CPU
		{B811E3A4-5D22-4496-8E72-D653C200E965}.Release|Any CPU.ActiveCfg = Release|Any CPU
		{B811E3A4-5D22-4496-8E72-D653C200E965}.Release|Any CPU.Build.0 = Release|Any CPU
	EndGlobalSection
	GlobalSection(SolutionProperties) = preSolution
		HideSolutionNode = FALSE
	EndGlobalSection
	GlobalSection(NestedProjects) = preSolution
		{B70226C7-BB9C-4254-8940-4CE7E6F3FB17} = {02EA681E-C7D8-13C7-8484-4AC65E1B71E8}
		{9D9C07ED-2439-46FB-BCAC-B7F6163DC36B} = {85BE9C30-C49E-4CF8-B97B-7EB3E8775214}
		{13FEA315-EA6F-488A-9A72-2CB3D69660EF} = {AB923673-879F-4480-847B-0639A85C5149}
		{6E1A1644-25DD-4D5A-AEFC-D5DC314D6E89} = {AB923673-879F-4480-847B-0639A85C5149}
		{1C429FF2-10A2-44B2-9915-3130A52AC4C0} = {AB923673-879F-4480-847B-0639A85C5149}
		{88ABC0D7-21D7-4E70-B66A-CF3A53A0653C} = {4BABF53E-E877-414D-8C01-45BF600B9DCE}
		{3B82EDE0-238D-44A5-BD55-85AD91D8FA0A} = {4BABF53E-E877-414D-8C01-45BF600B9DCE}
		{B811E3A4-5D22-4496-8E72-D653C200E965} = {4BABF53E-E877-414D-8C01-45BF600B9DCE}
	EndGlobalSection
	GlobalSection(ExtensibilityGlobals) = postSolution
		SolutionGuid = {79C0F1F6-4124-4831-993F-42402BAC4DD2}
	EndGlobalSection
EndGlobal
